
Microsoft Visual Studio Solution File, Format Version 12.00
# Visual Studio 15
VisualStudioVersion = 15.0.26228.102
MinimumVisualStudioVersion = 10.0.40219.1
Project("{FAE04EC0-301F-11D3-BF4B-00C04F79EFBC}") = "LambdaDemo", "LambdaDemo\LambdaDemo.csproj", "{931B7E2C-64FD-4CC7-B130-D85254AC878C}"
EndProject
Global
	GlobalSection(SolutionConfigurationPlatforms) = preSolution
		Debug|Any CPU = Debug|Any CPU
		Release|Any CPU = Release|Any CPU
	EndGlobalSection
	GlobalSection(ProjectConfigurationPlatforms) = postSolution
		{931B7E2C-64FD-4CC7-B130-D85254AC878C}.Debug|Any CPU.ActiveCfg = Debug|Any CPU
		{931B7E2C-64FD-4CC7-B130-D85254AC878C}.Debug|Any CPU.Build.0 = Debug|Any CPU
		{931B7E2C-64FD-4CC7-B130-D85254AC878C}.Release|Any CPU.ActiveCfg = Release|Any CPU
		{931B7E2C-64FD-4CC7-B130-D85254AC878C}.Release|Any CPU.Build.0 = Release|Any CPU
	EndGlobalSection
	GlobalSection(SolutionProperties) = preSolution
		HideSolutionNode = FALSE
	EndGlobalSection
EndGlobal
