
Microsoft Visual Studio Solution File, Format Version 12.00
# Visual Studio 15
VisualStudioVersion = 15.0.26228.102
MinimumVisualStudioVersion = 10.0.40219.1
Project("{FAE04EC0-301F-11D3-BF4B-00C04F79EFBC}") = "Day2_Demo_Razor", "Day2_Demo_Razor\Day2_Demo_Razor.csproj", "{FC0412BA-9C58-4BBB-8945-0E141E232FD3}"
EndProject
Global
	GlobalSection(SolutionConfigurationPlatforms) = preSolution
		Debug|Any CPU = Debug|Any CPU
		Release|Any CPU = Release|Any CPU
	EndGlobalSection
	GlobalSection(ProjectConfigurationPlatforms) = postSolution
		{FC0412BA-9C58-4BBB-8945-0E141E232FD3}.Debug|Any CPU.ActiveCfg = Debug|Any CPU
		{FC0412BA-9C58-4BBB-8945-0E141E232FD3}.Debug|Any CPU.Build.0 = Debug|Any CPU
		{FC0412BA-9C58-4BBB-8945-0E141E232FD3}.Release|Any CPU.ActiveCfg = Release|Any CPU
		{FC0412BA-9C58-4BBB-8945-0E141E232FD3}.Release|Any CPU.Build.0 = Release|Any CPU
	EndGlobalSection
	GlobalSection(SolutionProperties) = preSolution
		HideSolutionNode = FALSE
	EndGlobalSection
EndGlobal
