
Microsoft Visual Studio Solution File, Format Version 12.00
# Visual Studio 15
VisualStudioVersion = 15.0.26228.102
MinimumVisualStudioVersion = 10.0.40219.1
Project("{FAE04EC0-301F-11D3-BF4B-00C04F79EFBC}") = "Assessment", "Assessment\Assessment.csproj", "{6A368930-0CFF-4A05-AD73-823C2112266E}"
	ProjectSection(ProjectDependencies) = postProject
		{1F911644-3D22-4AE9-B9FA-410C3EF73A97} = {1F911644-3D22-4AE9-B9FA-410C3EF73A97}
	EndProjectSection
EndProject
Project("{FAE04EC0-301F-11D3-BF4B-00C04F79EFBC}") = "DB_Logic", "DB_Logic\DB_Logic.csproj", "{1F911644-3D22-4AE9-B9FA-410C3EF73A97}"
EndProject
Global
	GlobalSection(SolutionConfigurationPlatforms) = preSolution
		Debug|Any CPU = Debug|Any CPU
		Release|Any CPU = Release|Any CPU
	EndGlobalSection
	GlobalSection(ProjectConfigurationPlatforms) = postSolution
		{6A368930-0CFF-4A05-AD73-823C2112266E}.Debug|Any CPU.ActiveCfg = Debug|Any CPU
		{6A368930-0CFF-4A05-AD73-823C2112266E}.Debug|Any CPU.Build.0 = Debug|Any CPU
		{6A368930-0CFF-4A05-AD73-823C2112266E}.Release|Any CPU.ActiveCfg = Release|Any CPU
		{6A368930-0CFF-4A05-AD73-823C2112266E}.Release|Any CPU.Build.0 = Release|Any CPU
		{1F911644-3D22-4AE9-B9FA-410C3EF73A97}.Debug|Any CPU.ActiveCfg = Debug|Any CPU
		{1F911644-3D22-4AE9-B9FA-410C3EF73A97}.Debug|Any CPU.Build.0 = Debug|Any CPU
		{1F911644-3D22-4AE9-B9FA-410C3EF73A97}.Release|Any CPU.ActiveCfg = Release|Any CPU
		{1F911644-3D22-4AE9-B9FA-410C3EF73A97}.Release|Any CPU.Build.0 = Release|Any CPU
	EndGlobalSection
	GlobalSection(SolutionProperties) = preSolution
		HideSolutionNode = FALSE
	EndGlobalSection
EndGlobal
